# THIS IS AN AUTOGENERATED FILE. DO NOT EDIT THIS FILE DIRECTLY.
# yarn lockfile v1


typeit@^6.5.1:
  version "6.5.1"
  resolved "https://registry.yarnpkg.com/typeit/-/typeit-6.5.1.tgz#e5ad713e1d92a802d781f7c0c9a24459bd9385b9"
  integrity sha512-eucySrQ9xtEijpQAz16xqfUW92yOb5oMcg5Lg1+9584s06DNW5J4U4ZtA+5jbc0MyRC1vxWdZ6Inmgl/JqzFDg==
